
Microsoft Visual Studio Solution File, Format Version 12.00
# Visual Studio Version 16
VisualStudioVersion = 16.0.33027.164
MinimumVisualStudioVersion = 10.0.40219.1
Project("{9A19103F-16F7-4668-BE54-9A1E7A4F7556}") = "CarRentalManagement.Server", "CarRentalManagement\Server\CarRentalManagement.Server.csproj", "{1427FC04-9E19-433A-AE8B-C859184BD19B}"
EndProject
Project("{9A19103F-16F7-4668-BE54-9A1E7A4F7556}") = "CarRentalManagement.Client", "CarRentalManagement\Client\CarRentalManagement.Client.csproj", "{241B3914-21DC-4B80-9BAA-987F0324D8A8}"
EndProject
Project("{9A19103F-16F7-4668-BE54-9A1E7A4F7556}") = "CarRentalManagement.Shared", "CarRentalManagement\Shared\CarRentalManagement.Shared.csproj", "{710D24A4-9907-480B-A2DE-95D958B8CC5F}"
EndProject
Global
	GlobalSection(SolutionConfigurationPlatforms) = preSolution
		Debug|Any CPU = Debug|Any CPU
		Release|Any CPU = Release|Any CPU
	EndGlobalSection
	GlobalSection(ProjectConfigurationPlatforms) = postSolution
		{1427FC04-9E19-433A-AE8B-C859184BD19B}.Debug|Any CPU.ActiveCfg = Debug|Any CPU
		{1427FC04-9E19-433A-AE8B-C859184BD19B}.Debug|Any CPU.Build.0 = Debug|Any CPU
		{1427FC04-9E19-433A-AE8B-C859184BD19B}.Release|Any CPU.ActiveCfg = Release|Any CPU
		{1427FC04-9E19-433A-AE8B-C859184BD19B}.Release|Any CPU.Build.0 = Release|Any CPU
		{241B3914-21DC-4B80-9BAA-987F0324D8A8}.Debug|Any CPU.ActiveCfg = Debug|Any CPU
		{241B3914-21DC-4B80-9BAA-987F0324D8A8}.Debug|Any CPU.Build.0 = Debug|Any CPU
		{241B3914-21DC-4B80-9BAA-987F0324D8A8}.Release|Any CPU.ActiveCfg = Release|Any CPU
		{241B3914-21DC-4B80-9BAA-987F0324D8A8}.Release|Any CPU.Build.0 = Release|Any CPU
		{710D24A4-9907-480B-A2DE-95D958B8CC5F}.Debug|Any CPU.ActiveCfg = Debug|Any CPU
		{710D24A4-9907-480B-A2DE-95D958B8CC5F}.Debug|Any CPU.Build.0 = Debug|Any CPU
		{710D24A4-9907-480B-A2DE-95D958B8CC5F}.Release|Any CPU.ActiveCfg = Release|Any CPU
		{710D24A4-9907-480B-A2DE-95D958B8CC5F}.Release|Any CPU.Build.0 = Release|Any CPU
	EndGlobalSection
	GlobalSection(SolutionProperties) = preSolution
		HideSolutionNode = FALSE
	EndGlobalSection
	GlobalSection(ExtensibilityGlobals) = postSolution
		SolutionGuid = {78169909-4679-43C5-89BB-E49B5F0389F2}
	EndGlobalSection
EndGlobal
